lockfileVersion: '9.0'

settings:
  autoInstallPeers: true
  excludeLinksFromLockfile: false

importers:

  .:
    dependencies:
      '@editful/canvas-sdk':
        specifier: ^0.14.0
        version: 0.14.0
      react:
        specifier: ^19.2.0
        version: 19.2.8
      react-dom:
        specifier: ^19.2.0
        version: 19.2.8(react@19.2.8)
    devDependencies:
      '@editful/plugin-tools':
        specifier: ^0.14.0
        version: 0.14.0
      '@types/react':
        specifier: ^19.2.0
        version: 19.2.17
      '@types/react-dom':
        specifier: ^19.2.0
        version: 19.2.3(@types/react@19.2.17)
      typescript:
        specifier: ^5.9.0
        version: 5.9.3

packages:

  '@editful/canvas-sdk@0.14.0':
    resolution: {integrity: sha512-lbHQFCCAInOEnjGzXe9N2SVaK8O3LgIyH8E12rzIw3/tGUl3bZo4UDCEFqsXEne/YUUQZt/iRynBpv7ixauPag==}

  '@editful/plugin-artifact@0.14.0':
    resolution: {integrity: sha512-Nqvgo+l2WuU5Jz1vwL3PFlJVTiPVb5b/r6fcvS2SysIXm6Ghw74WTkBRO8Y7Yxz0hon3v6tz3nf3Lzzw93oj/Q==}

  '@editful/plugin-tools@0.14.0':
    resolution: {integrity: sha512-q5j9oPKVwd0wKrtX/Mat5RPOdIoo0DWTdV8V79vqFT05qp51pKEz08XSgeXDgVFbRGnIqM33Xmr/wkxekBS/Hw==}
    engines: {node: '>=26'}
    hasBin: true

  '@emnapi/core@2.0.0-alpha.3':
    resolution: {integrity: sha512-AZypUeJ/yByuxyS7BlSNRDOMLMlROYtjYdIAuBmJssVz1UJDSeYxLrdizhXCFYhedC5bqd/ASy8EuNXbVVXp9g==}

  '@emnapi/runtime@2.0.0-alpha.3':
    resolution: {integrity: sha512-hFPAhMUjJD9BSyCANEISPOogeXC9Zo9ZQl7L6vKnaVsMkCtzznaW/naYypeyl0Gv5rYfWYsZbpixTMpjDJzQeA==}

  '@emnapi/wasi-threads@2.0.1':
    resolution: {integrity: sha512-9DsSk+o5NBX0CCJT8s0EROGSGxjR/tKu6aBTaVyq+SjAEQH4XcdcRxPBRzsBLizTTJ49MJjF+jgu3qnO9GLQcQ==}

  '@napi-rs/wasm-runtime@1.2.1':
    resolution: {integrity: sha512-KjZdi8Q1wh89gsVmghvbrMgWl6ZWmRmHV6wjB7/g4Zf0dyO+hH3neZUtuDNPO00qq5YE5RITVWvrIZKRaAmzGQ==}
    engines: {node: ^20.19.0 || ^22.13.0 || >=23.5.0}
    peerDependencies:
      '@emnapi/core': ^1.7.1 || ^2.0.0-alpha.3
      '@emnapi/runtime': ^1.7.1 || ^2.0.0-alpha.3

  '@oxc-project/types@0.142.0':
    resolution: {integrity: sha512-7W+2q5AKQVU36fkaryontrHn3YDt1RyUYXatw9i5H8ocYe2sPKSFB6eS8WNPeRKiN1qAWWZUPm7gwFzJGrccqQ==}

  '@rolldown/binding-android-arm64@1.2.1':
    resolution: {integrity: sha512-02hOeOSryYxVrOIphmLAsqnCJWxwlzFk+pEt/N/i6OgT3lShHO7xGCU5cpgchRDHboAEbSjzgGh+O/u1GswQmA==}
    engines: {node: ^20.19.0 || >=22.12.0}
    cpu: [arm64]
    os: [android]

  '@rolldown/binding-darwin-arm64@1.2.1':
    resolution: {integrity: sha512-fMsTOnN0OjFm3CyppWPitKnc8UlliVARUULW6cfU6AIqjdtgmSFWSk9vecHzZduv/yMWIHDlRhM1e8Iff9uAfA==}
    engines: {node: ^20.19.0 || >=22.12.0}
    cpu: [arm64]
    os: [darwin]

  '@rolldown/binding-darwin-x64@1.2.1':
    resolution: {integrity: sha512-1wjKdz/XLGKHaTNHjQveQ/B23TKx4ItAqm1JbyVuvNPc4Ze0Fb48s49TAd/2zcplPl8okE/UbTgmlVfwT7eFeQ==}
    engines: {node: ^20.19.0 || >=22.12.0}
    cpu: [x64]
    os: [darwin]

  '@rolldown/binding-freebsd-x64@1.2.1':
    resolution: {integrity: sha512-Fa0jHR07E7YBN4vOEsbVf2briYNsuOowfLJaXULZM0ldMlaCaj2LJgLMbMe4iacRyZmvR8efFhgR9wKuGclQUg==}
    engines: {node: ^20.19.0 || >=22.12.0}
    cpu: [x64]
    os: [freebsd]

  '@rolldown/binding-linux-arm-gnueabihf@1.2.1':
    resolution: {integrity: sha512-pzkgu1SSHGgRRyRZ4fbmSgmajbVt+epaLP99NDjFft69v/ypfTi6swBMiVdh2EkQ0OSnHE1lZDM7DRGkyAzUpA==}
    engines: {node: ^20.19.0 || >=22.12.0}
    cpu: [arm]
    os: [linux]

  '@rolldown/binding-linux-arm64-gnu@1.2.1':
    resolution: {integrity: sha512-QI5SEDY8cbiYWHx0VO4vIc3UlS6a32vXHjU8Qy/17adEmZIPuByJg13UEvo9c/UCiUkdcVWY83C+b+JrwnNyUg==}
    engines: {node: ^20.19.0 || >=22.12.0}
    cpu: [arm64]
    os: [linux]
    libc: [glibc]

  '@rolldown/binding-linux-arm64-musl@1.2.1':
    resolution: {integrity: sha512-Sm41FyCeXqmYcERoYOCbGIL5hNfd8w9LQ7Y61Bev48HkcjaJqV/iiVOaiDxjVTRMS+QKrZmD8cfPt4uMVnvM+A==}
    engines: {node: ^20.19.0 || >=22.12.0}
    cpu: [arm64]
    os: [linux]
    libc: [musl]

  '@rolldown/binding-linux-ppc64-gnu@1.2.1':
    resolution: {integrity: sha512-2x+WhXTGl9yJYPbltW/BSEPTVz9OIWQyER4N+gJEDWkkn904eRcBzELqh/Hf7K0w/ubGbKNMv0ZC+94QK/IFEg==}
    engines: {node: ^20.19.0 || >=22.12.0}
    cpu: [ppc64]
    os: [linux]
    libc: [glibc]

  '@rolldown/binding-linux-s390x-gnu@1.2.1':
    resolution: {integrity: sha512-eEjmQpuRQayHPWWnywaWHkFT3ToPbP3RYy42VVd/B9aBGDA+Ol25EIWHxKQST3IiWJjikCWUF7KtbfqwZrzVwQ==}
    engines: {node: ^20.19.0 || >=22.12.0}
    cpu: [s390x]
    os: [linux]
    libc: [glibc]

  '@rolldown/binding-linux-x64-gnu@1.2.1':
    resolution: {integrity: sha512-/Orga1fZYkLc/56jBICcHrKchl8Z2UKdDSr3LG9ToWO1lQ6a4Livk9Xz+9WN91zsz5QR3XQz2NNoSDEvP6qadw==}
    engines: {node: ^20.19.0 || >=22.12.0}
    cpu: [x64]
    os: [linux]
    libc: [glibc]

  '@rolldown/binding-linux-x64-musl@1.2.1':
    resolution: {integrity: sha512-xxBJRL+0q0Kce7orznGWLuylHDY65vuARXZRpX+hPdv+DqK2c3NlCsVA98tlWzWNEE7yPqA/1NQ5nnCrj49Y5A==}
    engines: {node: ^20.19.0 || >=22.12.0}
    cpu: [x64]
    os: [linux]
    libc: [musl]

  '@rolldown/binding-openharmony-arm64@1.2.1':
    resolution: {integrity: sha512-M6AdXIXw3s+/8XpKMzdGDEXGS1S7kwUsy+rcTIUIOx5Ge4nXKCtAFHFV9YKkXvGcC5WMoTjAteLzlsQROVI0Yw==}
    engines: {node: ^20.19.0 || >=22.12.0}
    cpu: [arm64]
    os: [openharmony]

  '@rolldown/binding-wasm32-wasi@1.2.1':
    resolution: {integrity: sha512-/TX0SoRGojHzSAHpfVBbavRVSazg5U3h3Y3VXfcc0cdugq6kxdqw8LPGFiPr+/7gE/60zRcsOY2Vi9b9eT0jww==}
    engines: {node: ^20.19.0 || ^22.13.0 || >=23.5.0}

  '@rolldown/binding-win32-arm64-msvc@1.2.1':
    resolution: {integrity: sha512-EvRrivJieyHG+AO9lleZWgq+g0+S7oV2C51yuqlcyU/R9net+sI4Pj0F+lUoP2bEr6TWX3SqFaaS0SzfLxSzkw==}
    engines: {node: ^20.19.0 || >=22.12.0}
    cpu: [arm64]
    os: [win32]

  '@rolldown/binding-win32-x64-msvc@1.2.1':
    resolution: {integrity: sha512-Z4eCmn5QJ/5+azF9knpLWKfVd9aidn0mAe9TpJgvBLId9Ax3t0+JVxBmT25Bv7NBbVW1TZyKjQjQReouMeH5UQ==}
    engines: {node: ^20.19.0 || >=22.12.0}
    cpu: [x64]
    os: [win32]

  '@rolldown/pluginutils@1.0.1':
    resolution: {integrity: sha512-2j9bGt5Jh8hj+vPtgzPtl72j0yRxHAyumoo6TNfAjsLB04UtpSvPbPcDcBMxz7n+9CYB0c1GxQFxYRg2jimqGw==}

  '@tybys/wasm-util@0.10.3':
    resolution: {integrity: sha512-F3fo1MYrRJYL3zER0OUOmkutjr1Vp23m7OsSgp7nq4SP6OqX6C/56XFIPAl5bt3zaBRjmW7SGz3u/6LwFpYcOg==}

  '@types/react-dom@19.2.3':
    resolution: {integrity: sha512-jp2L/eY6fn+KgVVQAOqYItbF0VY/YApe5Mz2F0aykSO8gx31bYCZyvSeYxCHKvzHG5eZjc+zyaS5BrBWya2+kQ==}
    peerDependencies:
      '@types/react': ^19.2.0

  '@types/react@19.2.17':
    resolution: {integrity: sha512-MXfmqaVPEVgkBT/aY0aGCkRWWtByiYQXo3xdQ8r5RzuFrPiRn8Gar2tQdXSUQ2GKV3bkXckek89V8wQBY2Q/Aw==}

  acorn@8.18.0:
    resolution: {integrity: sha512-lGq+9yr1/GuAWaVYIHRjvvySG5/4VfKIvC8EWxStPdcDh/Ka7FG3twP6v4d5BkravUilhIAsG4Qj83t02LWUPQ==}
    engines: {node: '>=0.4.0'}
    hasBin: true

  csstype@3.2.3:
    resolution: {integrity: sha512-z1HGKcYy2xA8AGQfwrn0PAy+PB7X/GSj3UVJW9qKyn43xWa+gl5nXmU4qqLMRzWVLFC8KusUX8T/0kCiOYpAIQ==}

  es-module-lexer@2.3.1:
    resolution: {integrity: sha512-shc1dbU90Yl/xq1QrC7QRtfcwURZuVRfPhZbDoldJ1cn1gzDvBaBWlv0eFolj5+0znnPJz5TXLxsN77X/12KTA==}

  react-dom@19.2.8:
    resolution: {integrity: sha512-rVprimfGBG3DR+Tq0IQG2DT5PxKth1WIGDmj5yPmlzr4YBe7uyE+Du4oVqTDXZSHGGGXRtTJEGSSePyQCMBglQ==}
    peerDependencies:
      react: ^19.2.8

  react@19.2.8:
    resolution: {integrity: sha512-PWaYA1L/q9u2u7xYQi+Y3L3Yfnie7XyLeaJICV1MGD6LprsBxcAqGjYyr0eY3p+QdsA+x/Irkt4Qif8D63+Sbw==}
    engines: {node: '>=0.10.0'}

  rolldown@1.2.1:
    resolution: {integrity: sha512-4FKJhg8d3OiyQOA6Q1Q0hoFFpW9/OoX+VsHzpECsdsIZoOArrAK90gl59YK/Z+gnDel45bgJZK03ozH/9bCqEw==}
    engines: {node: ^20.19.0 || >=22.12.0}
    hasBin: true

  scheduler@0.27.0:
    resolution: {integrity: sha512-eNv+WrVbKu1f3vbYJT/xtiF5syA5HPIMtf9IgY/nKg0sWqzAUEvqY/xm7OcZc/qafLx/iO9FgOmeSAp4v5ti/Q==}

  tslib@2.8.1:
    resolution: {integrity: sha512-oJFu94HQb+KVduSUQL7wnpmqnfmLsOA/nAh6b6EH0wCEoK0/mPeXU6c3wKDV83MkOuHPRHtSXKKU99IBazS/2w==}

  typescript@5.9.3:
    resolution: {integrity: sha512-jl1vZzPDinLr9eUt3J/t7V6FgNEw9QjvBPdysz9KfQDD41fQrC2Y4vKQdiaUpFT4bXlb1RHhLpp8wtm6M5TgSw==}
    engines: {node: '>=14.17'}
    hasBin: true

snapshots:

  '@editful/canvas-sdk@0.14.0': {}

  '@editful/plugin-artifact@0.14.0':
    dependencies:
      acorn: 8.18.0
      es-module-lexer: 2.3.1

  '@editful/plugin-tools@0.14.0':
    dependencies:
      '@editful/plugin-artifact': 0.14.0
      rolldown: 1.2.1

  '@emnapi/core@2.0.0-alpha.3':
    dependencies:
      '@emnapi/wasi-threads': 2.0.1
      tslib: 2.8.1
    optional: true

  '@emnapi/runtime@2.0.0-alpha.3':
    dependencies:
      tslib: 2.8.1
    optional: true

  '@emnapi/wasi-threads@2.0.1':
    dependencies:
      tslib: 2.8.1
    optional: true

  '@napi-rs/wasm-runtime@1.2.1(@emnapi/core@2.0.0-alpha.3)(@emnapi/runtime@2.0.0-alpha.3)':
    dependencies:
      '@emnapi/core': 2.0.0-alpha.3
      '@emnapi/runtime': 2.0.0-alpha.3
      '@tybys/wasm-util': 0.10.3
    optional: true

  '@oxc-project/types@0.142.0': {}

  '@rolldown/binding-android-arm64@1.2.1':
    optional: true

  '@rolldown/binding-darwin-arm64@1.2.1':
    optional: true

  '@rolldown/binding-darwin-x64@1.2.1':
    optional: true

  '@rolldown/binding-freebsd-x64@1.2.1':
    optional: true

  '@rolldown/binding-linux-arm-gnueabihf@1.2.1':
    optional: true

  '@rolldown/binding-linux-arm64-gnu@1.2.1':
    optional: true

  '@rolldown/binding-linux-arm64-musl@1.2.1':
    optional: true

  '@rolldown/binding-linux-ppc64-gnu@1.2.1':
    optional: true

  '@rolldown/binding-linux-s390x-gnu@1.2.1':
    optional: true

  '@rolldown/binding-linux-x64-gnu@1.2.1':
    optional: true

  '@rolldown/binding-linux-x64-musl@1.2.1':
    optional: true

  '@rolldown/binding-openharmony-arm64@1.2.1':
    optional: true

  '@rolldown/binding-wasm32-wasi@1.2.1':
    dependencies:
      '@emnapi/core': 2.0.0-alpha.3
      '@emnapi/runtime': 2.0.0-alpha.3
      '@napi-rs/wasm-runtime': 1.2.1(@emnapi/core@2.0.0-alpha.3)(@emnapi/runtime@2.0.0-alpha.3)
    optional: true

  '@rolldown/binding-win32-arm64-msvc@1.2.1':
    optional: true

  '@rolldown/binding-win32-x64-msvc@1.2.1':
    optional: true

  '@rolldown/pluginutils@1.0.1': {}

  '@tybys/wasm-util@0.10.3':
    dependencies:
      tslib: 2.8.1
    optional: true

  '@types/react-dom@19.2.3(@types/react@19.2.17)':
    dependencies:
      '@types/react': 19.2.17

  '@types/react@19.2.17':
    dependencies:
      csstype: 3.2.3

  acorn@8.18.0: {}

  csstype@3.2.3: {}

  es-module-lexer@2.3.1: {}

  react-dom@19.2.8(react@19.2.8):
    dependencies:
      react: 19.2.8
      scheduler: 0.27.0

  react@19.2.8: {}

  rolldown@1.2.1:
    dependencies:
      '@oxc-project/types': 0.142.0
      '@rolldown/pluginutils': 1.0.1
    optionalDependencies:
      '@rolldown/binding-android-arm64': 1.2.1
      '@rolldown/binding-darwin-arm64': 1.2.1
      '@rolldown/binding-darwin-x64': 1.2.1
      '@rolldown/binding-freebsd-x64': 1.2.1
      '@rolldown/binding-linux-arm-gnueabihf': 1.2.1
      '@rolldown/binding-linux-arm64-gnu': 1.2.1
      '@rolldown/binding-linux-arm64-musl': 1.2.1
      '@rolldown/binding-linux-ppc64-gnu': 1.2.1
      '@rolldown/binding-linux-s390x-gnu': 1.2.1
      '@rolldown/binding-linux-x64-gnu': 1.2.1
      '@rolldown/binding-linux-x64-musl': 1.2.1
      '@rolldown/binding-openharmony-arm64': 1.2.1
      '@rolldown/binding-wasm32-wasi': 1.2.1
      '@rolldown/binding-win32-arm64-msvc': 1.2.1
      '@rolldown/binding-win32-x64-msvc': 1.2.1

  scheduler@0.27.0: {}

  tslib@2.8.1:
    optional: true

  typescript@5.9.3: {}
